<?xml version="1.0" encoding="utf-8"?>
<Project ToolsVersion="4.0" xmlns="http://schemas.microsoft.com/developer/msbuild/2003">
  <ItemGroup>
    <Filter Include="源文件">
      <UniqueIdentifier>{4FC737F1-C7A5-4376-A066-2A32D752A2FF}</UniqueIdentifier>
      <Extensions>cpp;c;cc;cxx;def;odl;idl;hpj;bat;asm;asmx</Extensions>
    </Filter>
    <Filter Include="头文件">
      <UniqueIdentifier>{93995380-89BD-4b04-88EB-625FBE52EBFB}</UniqueIdentifier>
      <Extensions>h;hh;hpp;hxx;hm;inl;inc;xsd</Extensions>
    </Filter>
    <Filter Include="资源文件">
      <UniqueIdentifier>{67DA6AB6-F800-4c08-8B7A-83BB121AAD01}</UniqueIdentifier>
      <Extensions>rc;ico;cur;bmp;dlg;rc2;rct;bin;rgs;gif;jpg;jpeg;jpe;resx;tiff;tif;png;wav;mfcribbon-ms</Extensions>
    </Filter>
    <Filter Include="源文件\base">
      <UniqueIdentifier>{1d021430-2ef5-43f9-92a0-f2dd03065730}</UniqueIdentifier>
    </Filter>
  </ItemGroup>
  <ItemGroup>
    <Text Include="ReadMe.txt" />
  </ItemGroup>
  <ItemGroup>
    <ClInclude Include="stdafx.h">
      <Filter>头文件</Filter>
    </ClInclude>
    <ClInclude Include="targetver.h">
      <Filter>头文件</Filter>
    </ClInclude>
    <ClInclude Include="overLapped.h">
      <Filter>头文件</Filter>
    </ClInclude>
    <ClInclude Include="socketTools.h">
      <Filter>头文件</Filter>
    </ClInclude>
    <ClInclude Include="IOComplatePort.h">
      <Filter>源文件</Filter>
    </ClInclude>
    <ClInclude Include="stream\StreamBase.h">
      <Filter>头文件</Filter>
    </ClInclude>
    <ClInclude Include="stream\StreamBaseEx.h">
      <Filter>头文件</Filter>
    </ClInclude>
    <ClInclude Include="stream\StreamFix.h">
      <Filter>头文件</Filter>
    </ClInclude>
    <ClInclude Include="TcpReceiver.h">
      <Filter>源文件</Filter>
    </ClInclude>
    <ClInclude Include="GUGPackage.h">
      <Filter>源文件</Filter>
    </ClInclude>
    <ClInclude Include="viewListTTT.h">
      <Filter>源文件</Filter>
    </ClInclude>
    <ClInclude Include="criticalSection.h">
      <Filter>源文件</Filter>
    </ClInclude>
    <ClInclude Include="ioTools.h">
      <Filter>源文件</Filter>
    </ClInclude>
    <ClInclude Include="MapMgr.h">
      <Filter>源文件</Filter>
    </ClInclude>
    <ClInclude Include="GameObject.h">
      <Filter>头文件</Filter>
    </ClInclude>
    <ClInclude Include="clientSession.h">
      <Filter>源文件</Filter>
    </ClInclude>
    <ClInclude Include="ServiceNT.h">
      <Filter>源文件</Filter>
    </ClInclude>
    <ClInclude Include="GUCQueue.h">
      <Filter>源文件\base</Filter>
    </ClInclude>
    <ClInclude Include="Event.h">
      <Filter>源文件\base</Filter>
    </ClInclude>
  </ItemGroup>
  <ItemGroup>
    <ClCompile Include="stdafx.cpp">
      <Filter>源文件</Filter>
    </ClCompile>
    <ClCompile Include="WinSock.cpp">
      <Filter>源文件</Filter>
    </ClCompile>
    <ClCompile Include="overLapped.cpp">
      <Filter>源文件</Filter>
    </ClCompile>
    <ClCompile Include="socketTools.cpp">
      <Filter>源文件</Filter>
    </ClCompile>
    <ClCompile Include="IOComplatePort.cpp">
      <Filter>源文件</Filter>
    </ClCompile>
    <ClCompile Include="stream\StreamFix.cpp">
      <Filter>源文件</Filter>
    </ClCompile>
    <ClCompile Include="TcpReceiver.cpp">
      <Filter>源文件</Filter>
    </ClCompile>
    <ClCompile Include="GUGPackage.cpp">
      <Filter>源文件</Filter>
    </ClCompile>
    <ClCompile Include="viewListTTT.cpp">
      <Filter>源文件</Filter>
    </ClCompile>
    <ClCompile Include="ioTools.cpp">
      <Filter>源文件</Filter>
    </ClCompile>
    <ClCompile Include="MapMgr.cpp">
      <Filter>源文件</Filter>
    </ClCompile>
    <ClCompile Include="clientSession.cpp">
      <Filter>源文件</Filter>
    </ClCompile>
    <ClCompile Include="GameObject.cpp">
      <Filter>源文件</Filter>
    </ClCompile>
    <ClCompile Include="ServiceNT.cpp">
      <Filter>源文件</Filter>
    </ClCompile>
  </ItemGroup>
</Project>